Microsoft Visual Studio Solution File, Format Version 12.00
# Visual Studio Version 17
VisualStudioVersion = 17.5.2.0
MinimumVisualStudioVersion = 10.0.40219.1
Project("{FAE04EC0-301F-11D3-BF4B-00C04F79EFBC}") = "Achieve_Plus", "Achieve_Plus.csproj", "{ECCD641E-46B5-43EA-7B98-167B97E6226B}"
EndProject
Global
	GlobalSection(SolutionConfigurationPlatforms) = preSolution
		Debug|Any CPU = Debug|Any CPU
		Release|Any CPU = Release|Any CPU
	EndGlobalSection
	GlobalSection(ProjectConfigurationPlatforms) = postSolution
		{ECCD641E-46B5-43EA-7B98-167B97E6226B}.Debug|Any CPU.ActiveCfg = Debug|Any CPU
		{ECCD641E-46B5-43EA-7B98-167B97E6226B}.Debug|Any CPU.Build.0 = Debug|Any CPU
		{ECCD641E-46B5-43EA-7B98-167B97E6226B}.Release|Any CPU.ActiveCfg = Release|Any CPU
		{ECCD641E-46B5-43EA-7B98-167B97E6226B}.Release|Any CPU.Build.0 = Release|Any CPU
	EndGlobalSection
	GlobalSection(SolutionProperties) = preSolution
		HideSolutionNode = FALSE
	EndGlobalSection
	GlobalSection(ExtensibilityGlobals) = postSolution
		SolutionGuid = {BF2CEA64-D8D3-4363-B522-05686DABE9E9}
	EndGlobalSection
EndGlobal
